
Microsoft Visual Studio Solution File, Format Version 12.00
# Visual Studio Version 16
VisualStudioVersion = 16.0.31112.23
MinimumVisualStudioVersion = 10.0.40219.1
Project("{888888A0-9F3D-457C-B088-3A5042F75D52}") = "PySec", "PySec.pyproj", "{36134F74-AC31-494E-9511-685742B74B56}"
EndProject
Project("{9A19103F-16F7-4668-BE54-9A1E7A4F7556}") = "SecurityManager", "SecurityManager\SecurityManager.csproj", "{B6908C25-5001-42EC-97CA-F7810BBC00B5}"
	ProjectSection(ProjectDependencies) = postProject
		{7F1B0F69-11A6-4673-B0FE-1D1F11A37CDD} = {7F1B0F69-11A6-4673-B0FE-1D1F11A37CDD}
		{26E38188-F196-4BA2-A4AC-EE424A4B8F4E} = {26E38188-F196-4BA2-A4AC-EE424A4B8F4E}
		{F06C3BF0-C86B-4F86-B170-AA157711FB3A} = {F06C3BF0-C86B-4F86-B170-AA157711FB3A}
	EndProjectSection
EndProject
Project("{9A19103F-16F7-4668-BE54-9A1E7A4F7556}") = "PythonCSharp", "PythonCSharp\PythonCSharp.csproj", "{F06C3BF0-C86B-4F86-B170-AA157711FB3A}"
EndProject
Project("{8BC9CEB8-8B4A-11D0-8D11-00A0C91BC942}") = "FilesystemFilter", "Drivers\win\FilesystemFilter\FilesystemFilter.vcxproj", "{7F1B0F69-11A6-4673-B0FE-1D1F11A37CDD}"
	ProjectSection(ProjectDependencies) = postProject
		{26E38188-F196-4BA2-A4AC-EE424A4B8F4E} = {26E38188-F196-4BA2-A4AC-EE424A4B8F4E}
		{F06C3BF0-C86B-4F86-B170-AA157711FB3A} = {F06C3BF0-C86B-4F86-B170-AA157711FB3A}
	EndProjectSection
EndProject
Project("{8BC9CEB8-8B4A-11D0-8D11-00A0C91BC942}") = "CppDotNet", "CppDotNetDLL\CppDotNet\CppDotNet.vcxproj", "{26E38188-F196-4BA2-A4AC-EE424A4B8F4E}"
EndProject
Global
	GlobalSection(SolutionConfigurationPlatforms) = preSolution
		Debug|Any CPU = Debug|Any CPU
		Debug|ARM = Debug|ARM
		Debug|ARM64 = Debug|ARM64
		Debug|x64 = Debug|x64
		Debug|x86 = Debug|x86
		Release|Any CPU = Release|Any CPU
		Release|ARM = Release|ARM
		Release|ARM64 = Release|ARM64
		Release|x64 = Release|x64
		Release|x86 = Release|x86
	EndGlobalSection
	GlobalSection(ProjectConfigurationPlatforms) = postSolution
		{36134F74-AC31-494E-9511-685742B74B56}.Debug|Any CPU.ActiveCfg = Debug|Any CPU
		{36134F74-AC31-494E-9511-685742B74B56}.Debug|ARM.ActiveCfg = Debug|Any CPU
		{36134F74-AC31-494E-9511-685742B74B56}.Debug|ARM64.ActiveCfg = Debug|Any CPU
		{36134F74-AC31-494E-9511-685742B74B56}.Debug|x64.ActiveCfg = Debug|Any CPU
		{36134F74-AC31-494E-9511-685742B74B56}.Debug|x86.ActiveCfg = Debug|Any CPU
		{36134F74-AC31-494E-9511-685742B74B56}.Release|Any CPU.ActiveCfg = Release|Any CPU
		{36134F74-AC31-494E-9511-685742B74B56}.Release|ARM.ActiveCfg = Release|Any CPU
		{36134F74-AC31-494E-9511-685742B74B56}.Release|ARM64.ActiveCfg = Release|Any CPU
		{36134F74-AC31-494E-9511-685742B74B56}.Release|x64.ActiveCfg = Release|Any CPU
		{36134F74-AC31-494E-9511-685742B74B56}.Release|x86.ActiveCfg = Release|Any CPU
		{B6908C25-5001-42EC-97CA-F7810BBC00B5}.Debug|Any CPU.ActiveCfg = Debug|Any CPU
		{B6908C25-5001-42EC-97CA-F7810BBC00B5}.Debug|Any CPU.Build.0 = Debug|Any CPU
		{B6908C25-5001-42EC-97CA-F7810BBC00B5}.Debug|ARM.ActiveCfg = Debug|Any CPU
		{B6908C25-5001-42EC-97CA-F7810BBC00B5}.Debug|ARM.Build.0 = Debug|Any CPU
		{B6908C25-5001-42EC-97CA-F7810BBC00B5}.Debug|ARM64.ActiveCfg = Debug|Any CPU
		{B6908C25-5001-42EC-97CA-F7810BBC00B5}.Debug|ARM64.Build.0 = Debug|Any CPU
		{B6908C25-5001-42EC-97CA-F7810BBC00B5}.Debug|x64.ActiveCfg = Debug|Any CPU
		{B6908C25-5001-42EC-97CA-F7810BBC00B5}.Debug|x64.Build.0 = Debug|Any CPU
		{B6908C25-5001-42EC-97CA-F7810BBC00B5}.Debug|x86.ActiveCfg = Debug|Any CPU
		{B6908C25-5001-42EC-97CA-F7810BBC00B5}.Debug|x86.Build.0 = Debug|Any CPU
		{B6908C25-5001-42EC-97CA-F7810BBC00B5}.Release|Any CPU.ActiveCfg = Release|Any CPU
		{B6908C25-5001-42EC-97CA-F7810BBC00B5}.Release|Any CPU.Build.0 = Release|Any CPU
		{B6908C25-5001-42EC-97CA-F7810BBC00B5}.Release|ARM.ActiveCfg = Release|Any CPU
		{B6908C25-5001-42EC-97CA-F7810BBC00B5}.Release|ARM.Build.0 = Release|Any CPU
		{B6908C25-5001-42EC-97CA-F7810BBC00B5}.Release|ARM64.ActiveCfg = Release|Any CPU
		{B6908C25-5001-42EC-97CA-F7810BBC00B5}.Release|ARM64.Build.0 = Release|Any CPU
		{B6908C25-5001-42EC-97CA-F7810BBC00B5}.Release|x64.ActiveCfg = Release|Any CPU
		{B6908C25-5001-42EC-97CA-F7810BBC00B5}.Release|x64.Build.0 = Release|Any CPU
		{B6908C25-5001-42EC-97CA-F7810BBC00B5}.Release|x86.ActiveCfg = Release|Any CPU
		{B6908C25-5001-42EC-97CA-F7810BBC00B5}.Release|x86.Build.0 = Release|Any CPU
		{F06C3BF0-C86B-4F86-B170-AA157711FB3A}.Debug|Any CPU.ActiveCfg = Debug|Any CPU
		{F06C3BF0-C86B-4F86-B170-AA157711FB3A}.Debug|Any CPU.Build.0 = Debug|Any CPU
		{F06C3BF0-C86B-4F86-B170-AA157711FB3A}.Debug|ARM.ActiveCfg = Debug|Any CPU
		{F06C3BF0-C86B-4F86-B170-AA157711FB3A}.Debug|ARM.Build.0 = Debug|Any CPU
		{F06C3BF0-C86B-4F86-B170-AA157711FB3A}.Debug|ARM64.ActiveCfg = Debug|Any CPU
		{F06C3BF0-C86B-4F86-B170-AA157711FB3A}.Debug|ARM64.Build.0 = Debug|Any CPU
		{F06C3BF0-C86B-4F86-B170-AA157711FB3A}.Debug|x64.ActiveCfg = Debug|Any CPU
		{F06C3BF0-C86B-4F86-B170-AA157711FB3A}.Debug|x64.Build.0 = Debug|Any CPU
		{F06C3BF0-C86B-4F86-B170-AA157711FB3A}.Debug|x86.ActiveCfg = Debug|Any CPU
		{F06C3BF0-C86B-4F86-B170-AA157711FB3A}.Debug|x86.Build.0 = Debug|Any CPU
		{F06C3BF0-C86B-4F86-B170-AA157711FB3A}.Release|Any CPU.ActiveCfg = Release|Any CPU
		{F06C3BF0-C86B-4F86-B170-AA157711FB3A}.Release|Any CPU.Build.0 = Release|Any CPU
		{F06C3BF0-C86B-4F86-B170-AA157711FB3A}.Release|ARM.ActiveCfg = Release|Any CPU
		{F06C3BF0-C86B-4F86-B170-AA157711FB3A}.Release|ARM.Build.0 = Release|Any CPU
		{F06C3BF0-C86B-4F86-B170-AA157711FB3A}.Release|ARM64.ActiveCfg = Release|Any CPU
		{F06C3BF0-C86B-4F86-B170-AA157711FB3A}.Release|ARM64.Build.0 = Release|Any CPU
		{F06C3BF0-C86B-4F86-B170-AA157711FB3A}.Release|x64.ActiveCfg = Release|Any CPU
		{F06C3BF0-C86B-4F86-B170-AA157711FB3A}.Release|x64.Build.0 = Release|Any CPU
		{F06C3BF0-C86B-4F86-B170-AA157711FB3A}.Release|x86.ActiveCfg = Release|Any CPU
		{F06C3BF0-C86B-4F86-B170-AA157711FB3A}.Release|x86.Build.0 = Release|Any CPU
		{7F1B0F69-11A6-4673-B0FE-1D1F11A37CDD}.Debug|Any CPU.ActiveCfg = Debug|Win32
		{7F1B0F69-11A6-4673-B0FE-1D1F11A37CDD}.Debug|ARM.ActiveCfg = Debug|ARM
		{7F1B0F69-11A6-4673-B0FE-1D1F11A37CDD}.Debug|ARM.Build.0 = Debug|ARM
		{7F1B0F69-11A6-4673-B0FE-1D1F11A37CDD}.Debug|ARM.Deploy.0 = Debug|ARM
		{7F1B0F69-11A6-4673-B0FE-1D1F11A37CDD}.Debug|ARM64.ActiveCfg = Debug|ARM64
		{7F1B0F69-11A6-4673-B0FE-1D1F11A37CDD}.Debug|ARM64.Build.0 = Debug|ARM64
		{7F1B0F69-11A6-4673-B0FE-1D1F11A37CDD}.Debug|ARM64.Deploy.0 = Debug|ARM64
		{7F1B0F69-11A6-4673-B0FE-1D1F11A37CDD}.Debug|x64.ActiveCfg = Debug|x64
		{7F1B0F69-11A6-4673-B0FE-1D1F11A37CDD}.Debug|x64.Build.0 = Debug|x64
		{7F1B0F69-11A6-4673-B0FE-1D1F11A37CDD}.Debug|x64.Deploy.0 = Debug|x64
		{7F1B0F69-11A6-4673-B0FE-1D1F11A37CDD}.Debug|x86.ActiveCfg = Debug|Win32
		{7F1B0F69-11A6-4673-B0FE-1D1F11A37CDD}.Debug|x86.Build.0 = Debug|Win32
		{7F1B0F69-11A6-4673-B0FE-1D1F11A37CDD}.Debug|x86.Deploy.0 = Debug|Win32
		{7F1B0F69-11A6-4673-B0FE-1D1F11A37CDD}.Release|Any CPU.ActiveCfg = Release|Win32
		{7F1B0F69-11A6-4673-B0FE-1D1F11A37CDD}.Release|ARM.ActiveCfg = Release|ARM
		{7F1B0F69-11A6-4673-B0FE-1D1F11A37CDD}.Release|ARM.Build.0 = Release|ARM
		{7F1B0F69-11A6-4673-B0FE-1D1F11A37CDD}.Release|ARM.Deploy.0 = Release|ARM
		{7F1B0F69-11A6-4673-B0FE-1D1F11A37CDD}.Release|ARM64.ActiveCfg = Release|ARM64
		{7F1B0F69-11A6-4673-B0FE-1D1F11A37CDD}.Release|ARM64.Build.0 = Release|ARM64
		{7F1B0F69-11A6-4673-B0FE-1D1F11A37CDD}.Release|ARM64.Deploy.0 = Release|ARM64
		{7F1B0F69-11A6-4673-B0FE-1D1F11A37CDD}.Release|x64.ActiveCfg = Release|x64
		{7F1B0F69-11A6-4673-B0FE-1D1F11A37CDD}.Release|x64.Build.0 = Release|x64
		{7F1B0F69-11A6-4673-B0FE-1D1F11A37CDD}.Release|x64.Deploy.0 = Release|x64
		{7F1B0F69-11A6-4673-B0FE-1D1F11A37CDD}.Release|x86.ActiveCfg = Release|Win32
		{7F1B0F69-11A6-4673-B0FE-1D1F11A37CDD}.Release|x86.Build.0 = Release|Win32
		{7F1B0F69-11A6-4673-B0FE-1D1F11A37CDD}.Release|x86.Deploy.0 = Release|Win32
		{26E38188-F196-4BA2-A4AC-EE424A4B8F4E}.Debug|Any CPU.ActiveCfg = Debug|Win32
		{26E38188-F196-4BA2-A4AC-EE424A4B8F4E}.Debug|ARM.ActiveCfg = Debug|Win32
		{26E38188-F196-4BA2-A4AC-EE424A4B8F4E}.Debug|ARM64.ActiveCfg = Debug|Win32
		{26E38188-F196-4BA2-A4AC-EE424A4B8F4E}.Debug|x64.ActiveCfg = Debug|x64
		{26E38188-F196-4BA2-A4AC-EE424A4B8F4E}.Debug|x64.Build.0 = Debug|x64
		{26E38188-F196-4BA2-A4AC-EE424A4B8F4E}.Debug|x86.ActiveCfg = Debug|Win32
		{26E38188-F196-4BA2-A4AC-EE424A4B8F4E}.Debug|x86.Build.0 = Debug|Win32
		{26E38188-F196-4BA2-A4AC-EE424A4B8F4E}.Release|Any CPU.ActiveCfg = Release|Win32
		{26E38188-F196-4BA2-A4AC-EE424A4B8F4E}.Release|ARM.ActiveCfg = Release|Win32
		{26E38188-F196-4BA2-A4AC-EE424A4B8F4E}.Release|ARM64.ActiveCfg = Release|Win32
		{26E38188-F196-4BA2-A4AC-EE424A4B8F4E}.Release|x64.ActiveCfg = Release|x64
		{26E38188-F196-4BA2-A4AC-EE424A4B8F4E}.Release|x64.Build.0 = Release|x64
		{26E38188-F196-4BA2-A4AC-EE424A4B8F4E}.Release|x86.ActiveCfg = Release|Win32
		{26E38188-F196-4BA2-A4AC-EE424A4B8F4E}.Release|x86.Build.0 = Release|Win32
	EndGlobalSection
	GlobalSection(SolutionProperties) = preSolution
		HideSolutionNode = FALSE
	EndGlobalSection
	GlobalSection(ExtensibilityGlobals) = postSolution
		SolutionGuid = {38E70342-B538-428E-B617-56C4183EDB55}
	EndGlobalSection
EndGlobal
